
Microsoft Visual Studio Solution File, Format Version 12.00
# Visual Studio Version 17
VisualStudioVersion = 17.3.32804.467
MinimumVisualStudioVersion = 10.0.40219.1
Project("{FAE04EC0-301F-11D3-BF4B-00C04F79EFBC}") = "webapp", "webapp.csproj", "{39A6B1A6-2FA6-482A-80F2-BBB8694962CE}"
EndProject
Global
	GlobalSection(SolutionConfigurationPlatforms) = preSolution
		Debug|Any CPU = Debug|Any CPU
		Release|Any CPU = Release|Any CPU
	EndGlobalSection
	GlobalSection(ProjectConfigurationPlatforms) = postSolution
		{39A6B1A6-2FA6-482A-80F2-BBB8694962CE}.Debug|Any CPU.ActiveCfg = Debug|Any CPU
		{39A6B1A6-2FA6-482A-80F2-BBB8694962CE}.Debug|Any CPU.Build.0 = Debug|Any CPU
		{39A6B1A6-2FA6-482A-80F2-BBB8694962CE}.Release|Any CPU.ActiveCfg = Release|Any CPU
		{39A6B1A6-2FA6-482A-80F2-BBB8694962CE}.Release|Any CPU.Build.0 = Release|Any CPU
	EndGlobalSection
	GlobalSection(SolutionProperties) = preSolution
		HideSolutionNode = FALSE
	EndGlobalSection
	GlobalSection(ExtensibilityGlobals) = postSolution
		SolutionGuid = {73F6460A-29E5-4FBA-9300-266FEE2222F1}
	EndGlobalSection
EndGlobal
